
Microsoft Visual Studio Solution File, Format Version 12.00
# Visual Studio Version 16
VisualStudioVersion = 16.0.808.10
MinimumVisualStudioVersion = 10.0.40219.1
Project("{2150E333-8FDC-42A3-9474-1A3956D46DE8}") = "Partners", "Partners", "{FA70A1D9-6AF7-4D25-BA92-71ED294BC21A}"
EndProject
Project("{2150E333-8FDC-42A3-9474-1A3956D46DE8}") = "UI", "UI", "{AE55171C-0C75-4EDB-BCCC-F65ED968D2B4}"
EndProject
Project("{2150E333-8FDC-42A3-9474-1A3956D46DE8}") = "Users", "Users", "{6FE7FB9C-0FC4-4AF8-B7E0-F617F692C1FE}"
EndProject
Project("{2150E333-8FDC-42A3-9474-1A3956D46DE8}") = "PartnerDetails", "PartnerDetails", "{F8AEE08B-E67C-41DC-8BDD-6666539432BF}"
EndProject
Project("{2150E333-8FDC-42A3-9474-1A3956D46DE8}") = "Solution Items", "Solution Items", "{A213F4CE-B642-463B-95C4-B83C5A5FBDE9}"
	ProjectSection(SolutionItems) = preProject
		.editorconfig = .editorconfig
	EndProjectSection
EndProject
Project("{FAE04EC0-301F-11D3-BF4B-00C04F79EFBC}") = "JCPenneyUI", "UI\JCPenneyUI\JCPenneyUI.csproj", "{FC4560CB-4525-4371-9B20-4EF5AA8BA378}"
EndProject
Project("{FAE04EC0-301F-11D3-BF4B-00C04F79EFBC}") = "UsersAPI", "Users\UsersAPI\UsersAPI.csproj", "{A1EC6BA9-C07B-4F82-94D6-018E60D6E6EC}"
EndProject
Project("{9344BDBB-3E7F-41FC-A0DD-8665D75EE146}") = "InventoryManagement", "Partners\PartnerInventory\InventoryManagement\InventoryManagement.csproj", "{F6BE2632-9200-40BF-8665-9AFA78DB9DAB}"
EndProject
Project("{9344BDBB-3E7F-41FC-A0DD-8665D75EE146}") = "PartnerAPI", "PartnerAPI\PartnerAPI.csproj", "{9FF60C71-73AF-46BD-8425-3C68D5ED3231}"
EndProject
Project("{FAE04EC0-301F-11D3-BF4B-00C04F79EFBC}") = "PartnerAPI", "Partners\PartnerAPI\PartnerAPI.csproj", "{7EA80287-0D68-44B2-988C-4F2E93D444E9}"
EndProject
Project("{FAE04EC0-301F-11D3-BF4B-00C04F79EFBC}") = "InventoryManagement", "Partners\InventoryManagement\InventoryManagement.csproj", "{D68B56EC-7BC9-48B4-8EB6-38775DF48417}"
EndProject
Global
	GlobalSection(SolutionConfigurationPlatforms) = preSolution
		Debug|Any CPU = Debug|Any CPU
		Release|Any CPU = Release|Any CPU
	EndGlobalSection
	GlobalSection(ProjectConfigurationPlatforms) = postSolution
		{FC4560CB-4525-4371-9B20-4EF5AA8BA378}.Debug|Any CPU.ActiveCfg = Debug|Any CPU
		{FC4560CB-4525-4371-9B20-4EF5AA8BA378}.Debug|Any CPU.Build.0 = Debug|Any CPU
		{FC4560CB-4525-4371-9B20-4EF5AA8BA378}.Release|Any CPU.ActiveCfg = Release|Any CPU
		{FC4560CB-4525-4371-9B20-4EF5AA8BA378}.Release|Any CPU.Build.0 = Release|Any CPU
		{A1EC6BA9-C07B-4F82-94D6-018E60D6E6EC}.Debug|Any CPU.ActiveCfg = Debug|Any CPU
		{A1EC6BA9-C07B-4F82-94D6-018E60D6E6EC}.Debug|Any CPU.Build.0 = Debug|Any CPU
		{A1EC6BA9-C07B-4F82-94D6-018E60D6E6EC}.Release|Any CPU.ActiveCfg = Release|Any CPU
		{A1EC6BA9-C07B-4F82-94D6-018E60D6E6EC}.Release|Any CPU.Build.0 = Release|Any CPU
		{F6BE2632-9200-40BF-8665-9AFA78DB9DAB}.Debug|Any CPU.ActiveCfg = Debug|Any CPU
		{F6BE2632-9200-40BF-8665-9AFA78DB9DAB}.Debug|Any CPU.Build.0 = Debug|Any CPU
		{F6BE2632-9200-40BF-8665-9AFA78DB9DAB}.Release|Any CPU.ActiveCfg = Release|Any CPU
		{F6BE2632-9200-40BF-8665-9AFA78DB9DAB}.Release|Any CPU.Build.0 = Release|Any CPU
		{9FF60C71-73AF-46BD-8425-3C68D5ED3231}.Debug|Any CPU.ActiveCfg = Debug|Any CPU
		{9FF60C71-73AF-46BD-8425-3C68D5ED3231}.Debug|Any CPU.Build.0 = Debug|Any CPU
		{9FF60C71-73AF-46BD-8425-3C68D5ED3231}.Release|Any CPU.ActiveCfg = Release|Any CPU
		{9FF60C71-73AF-46BD-8425-3C68D5ED3231}.Release|Any CPU.Build.0 = Release|Any CPU
		{7EA80287-0D68-44B2-988C-4F2E93D444E9}.Debug|Any CPU.ActiveCfg = Debug|Any CPU
		{7EA80287-0D68-44B2-988C-4F2E93D444E9}.Debug|Any CPU.Build.0 = Debug|Any CPU
		{7EA80287-0D68-44B2-988C-4F2E93D444E9}.Release|Any CPU.ActiveCfg = Release|Any CPU
		{7EA80287-0D68-44B2-988C-4F2E93D444E9}.Release|Any CPU.Build.0 = Release|Any CPU
		{D68B56EC-7BC9-48B4-8EB6-38775DF48417}.Debug|Any CPU.ActiveCfg = Debug|Any CPU
		{D68B56EC-7BC9-48B4-8EB6-38775DF48417}.Debug|Any CPU.Build.0 = Debug|Any CPU
		{D68B56EC-7BC9-48B4-8EB6-38775DF48417}.Release|Any CPU.ActiveCfg = Release|Any CPU
		{D68B56EC-7BC9-48B4-8EB6-38775DF48417}.Release|Any CPU.Build.0 = Release|Any CPU
	EndGlobalSection
	GlobalSection(SolutionProperties) = preSolution
		HideSolutionNode = FALSE
	EndGlobalSection
	GlobalSection(ExtensibilityGlobals) = postSolution
		SolutionGuid = {0EE066FD-06B2-4B7E-9D9F-2FA286AB4F51}
	EndGlobalSection
	GlobalSection(NestedProjects) = preSolution
		{F8AEE08B-E67C-41DC-8BDD-6666539432BF} = {FA70A1D9-6AF7-4D25-BA92-71ED294BC21A}
		{FC4560CB-4525-4371-9B20-4EF5AA8BA378} = {AE55171C-0C75-4EDB-BCCC-F65ED968D2B4}
		{A1EC6BA9-C07B-4F82-94D6-018E60D6E6EC} = {6FE7FB9C-0FC4-4AF8-B7E0-F617F692C1FE}
		{F6BE2632-9200-40BF-8665-9AFA78DB9DAB} = {F8AEE08B-E67C-41DC-8BDD-6666539432BF}
		{9FF60C71-73AF-46BD-8425-3C68D5ED3231} = {F8AEE08B-E67C-41DC-8BDD-6666539432BF}
		{7EA80287-0D68-44B2-988C-4F2E93D444E9} = {F8AEE08B-E67C-41DC-8BDD-6666539432BF}
		{D68B56EC-7BC9-48B4-8EB6-38775DF48417} = {F8AEE08B-E67C-41DC-8BDD-6666539432BF}
	EndGlobalSection
	GlobalSection(MonoDevelopProperties) = preSolution
		Policies = $0
		$0.StandardHeader = $1
		$1.Text = "${FileName}${Directory}${FullFileName}${AuthorName}${AuthorEmail}${CopyrightHolder}*/${FileNameWithoutExtension}"
	EndGlobalSection
EndGlobal
